
Microsoft Visual Studio Solution File, Format Version 12.00
# Visual Studio 14
VisualStudioVersion = 14.0.25420.1
MinimumVisualStudioVersion = 10.0.40219.1
Project("{FAE04EC0-301F-11D3-BF4B-00C04F79EFBC}") = "CharactersService.ConsoleApp", "CharactersService.ConsoleApp\CharactersService.ConsoleApp.csproj", "{505DD311-E453-4948-85AA-F9BB5335BB61}"
EndProject
Project("{FAE04EC0-301F-11D3-BF4B-00C04F79EFBC}") = "CharactersService.Wcf", "CharactersService.Wcf\CharactersService.Wcf.csproj", "{FD3C0325-97BA-43FB-8580-B6DA1EBF84D4}"
EndProject
Project("{FAE04EC0-301F-11D3-BF4B-00C04F79EFBC}") = "CharactersService.Domain", "CharactersService.Domain\CharactersService.Domain.csproj", "{926AE992-01ED-4F6E-9AD0-A732389A4BCF}"
EndProject
Global
	GlobalSection(SolutionConfigurationPlatforms) = preSolution
		Debug|Any CPU = Debug|Any CPU
		Release|Any CPU = Release|Any CPU
	EndGlobalSection
	GlobalSection(ProjectConfigurationPlatforms) = postSolution
		{505DD311-E453-4948-85AA-F9BB5335BB61}.Debug|Any CPU.ActiveCfg = Debug|Any CPU
		{505DD311-E453-4948-85AA-F9BB5335BB61}.Debug|Any CPU.Build.0 = Debug|Any CPU
		{505DD311-E453-4948-85AA-F9BB5335BB61}.Release|Any CPU.ActiveCfg = Release|Any CPU
		{505DD311-E453-4948-85AA-F9BB5335BB61}.Release|Any CPU.Build.0 = Release|Any CPU
		{FD3C0325-97BA-43FB-8580-B6DA1EBF84D4}.Debug|Any CPU.ActiveCfg = Debug|Any CPU
		{FD3C0325-97BA-43FB-8580-B6DA1EBF84D4}.Debug|Any CPU.Build.0 = Debug|Any CPU
		{FD3C0325-97BA-43FB-8580-B6DA1EBF84D4}.Release|Any CPU.ActiveCfg = Release|Any CPU
		{FD3C0325-97BA-43FB-8580-B6DA1EBF84D4}.Release|Any CPU.Build.0 = Release|Any CPU
		{926AE992-01ED-4F6E-9AD0-A732389A4BCF}.Debug|Any CPU.ActiveCfg = Debug|Any CPU
		{926AE992-01ED-4F6E-9AD0-A732389A4BCF}.Debug|Any CPU.Build.0 = Debug|Any CPU
		{926AE992-01ED-4F6E-9AD0-A732389A4BCF}.Release|Any CPU.ActiveCfg = Release|Any CPU
		{926AE992-01ED-4F6E-9AD0-A732389A4BCF}.Release|Any CPU.Build.0 = Release|Any CPU
	EndGlobalSection
	GlobalSection(SolutionProperties) = preSolution
		HideSolutionNode = FALSE
	EndGlobalSection
EndGlobal
